
Microsoft Visual Studio Solution File, Format Version 12.00
# Visual Studio Version 17
VisualStudioVersion = 17.14.36414.22 d17.14
MinimumVisualStudioVersion = 10.0.40219.1
Project("{FAE04EC0-301F-11D3-BF4B-00C04F79EFBC}") = "aemonessentials", "aemonessentials\aemonessentials.csproj", "{C28C7BB4-13E1-4C96-A8D4-3F365F392CE1}"
EndProject
Global
	GlobalSection(SolutionConfigurationPlatforms) = preSolution
		Debug|Any CPU = Debug|Any CPU
		Release|Any CPU = Release|Any CPU
	EndGlobalSection
	GlobalSection(ProjectConfigurationPlatforms) = postSolution
		{C28C7BB4-13E1-4C96-A8D4-3F365F392CE1}.Debug|Any CPU.ActiveCfg = Debug|Any CPU
		{C28C7BB4-13E1-4C96-A8D4-3F365F392CE1}.Debug|Any CPU.Build.0 = Debug|Any CPU
		{C28C7BB4-13E1-4C96-A8D4-3F365F392CE1}.Release|Any CPU.ActiveCfg = Release|Any CPU
		{C28C7BB4-13E1-4C96-A8D4-3F365F392CE1}.Release|Any CPU.Build.0 = Release|Any CPU
	EndGlobalSection
	GlobalSection(SolutionProperties) = preSolution
		HideSolutionNode = FALSE
	EndGlobalSection
	GlobalSection(ExtensibilityGlobals) = postSolution
		SolutionGuid = {79FA1C1B-C7CA-4F69-8F7B-7E3FC8413F22}
	EndGlobalSection
EndGlobal
